
Microsoft Visual Studio Solution File, Format Version 12.00
# Visual Studio 15
VisualStudioVersion = 15.0.27703.2000
MinimumVisualStudioVersion = 10.0.40219.1
Project("{FAE04EC0-301F-11D3-BF4B-00C04F79EFBC}") = "HTM_1st_Experience", "HTM_1st_Experience\HTM_1st_Experience.csproj", "{36A3ABA0-B8E3-45CB-8916-2E5AE0E7EFDE}"
EndProject
Global
	GlobalSection(SolutionConfigurationPlatforms) = preSolution
		Debug|Any CPU = Debug|Any CPU
		Release|Any CPU = Release|Any CPU
	EndGlobalSection
	GlobalSection(ProjectConfigurationPlatforms) = postSolution
		{36A3ABA0-B8E3-45CB-8916-2E5AE0E7EFDE}.Debug|Any CPU.ActiveCfg = Debug|Any CPU
		{36A3ABA0-B8E3-45CB-8916-2E5AE0E7EFDE}.Debug|Any CPU.Build.0 = Debug|Any CPU
		{36A3ABA0-B8E3-45CB-8916-2E5AE0E7EFDE}.Release|Any CPU.ActiveCfg = Release|Any CPU
		{36A3ABA0-B8E3-45CB-8916-2E5AE0E7EFDE}.Release|Any CPU.Build.0 = Release|Any CPU
	EndGlobalSection
	GlobalSection(SolutionProperties) = preSolution
		HideSolutionNode = FALSE
	EndGlobalSection
	GlobalSection(ExtensibilityGlobals) = postSolution
		SolutionGuid = {00DF1529-75D4-424D-83B4-5332416FADEF}
	EndGlobalSection
EndGlobal
